
Microsoft Visual Studio Solution File, Format Version 12.00
# Visual Studio Version 17
VisualStudioVersion = 17.5.33414.496
MinimumVisualStudioVersion = 10.0.40219.1
Project("{FAE04EC0-301F-11D3-BF4B-00C04F79EFBC}") = "Exercicio_Jogo_da_Velha", "Exercicio_Jogo_da_Velha\Exercicio_Jogo_da_Velha.csproj", "{0D93FB67-5459-4CC9-9BE7-8BC5BBA605DF}"
EndProject
Global
	GlobalSection(SolutionConfigurationPlatforms) = preSolution
		Debug|Any CPU = Debug|Any CPU
		Release|Any CPU = Release|Any CPU
	EndGlobalSection
	GlobalSection(ProjectConfigurationPlatforms) = postSolution
		{0D93FB67-5459-4CC9-9BE7-8BC5BBA605DF}.Debug|Any CPU.ActiveCfg = Debug|Any CPU
		{0D93FB67-5459-4CC9-9BE7-8BC5BBA605DF}.Debug|Any CPU.Build.0 = Debug|Any CPU
		{0D93FB67-5459-4CC9-9BE7-8BC5BBA605DF}.Release|Any CPU.ActiveCfg = Release|Any CPU
		{0D93FB67-5459-4CC9-9BE7-8BC5BBA605DF}.Release|Any CPU.Build.0 = Release|Any CPU
	EndGlobalSection
	GlobalSection(SolutionProperties) = preSolution
		HideSolutionNode = FALSE
	EndGlobalSection
	GlobalSection(ExtensibilityGlobals) = postSolution
		SolutionGuid = {DDCD441F-DCAD-4F14-800A-2B007243C141}
	EndGlobalSection
EndGlobal
